
Microsoft Visual Studio Solution File, Format Version 12.00
# Visual Studio 14
VisualStudioVersion = 14.0.25420.1
MinimumVisualStudioVersion = 10.0.40219.1
Project("{FAE04EC0-301F-11D3-BF4B-00C04F79EFBC}") = "StepperTest", "StepperTest\StepperTest.csproj", "{D5AF7880-17BD-4246-9F2B-1045163A5FB8}"
EndProject
Project("{FAE04EC0-301F-11D3-BF4B-00C04F79EFBC}") = "DCMotorTest", "DCMotorTest\DCMotorTest.csproj", "{BDF803CB-5314-4C94-B355-35879FE09EAD}"
EndProject
Project("{FAE04EC0-301F-11D3-BF4B-00C04F79EFBC}") = "MotorParty", "MotorParty\MotorParty.csproj", "{DA2AD079-FE21-4822-9D6D-1B0BFCD5AF36}"
EndProject
Global
	GlobalSection(SolutionConfigurationPlatforms) = preSolution
		Debug|ARM = Debug|ARM
		Debug|x64 = Debug|x64
		Debug|x86 = Debug|x86
		Release|ARM = Release|ARM
		Release|x64 = Release|x64
		Release|x86 = Release|x86
	EndGlobalSection
	GlobalSection(ProjectConfigurationPlatforms) = postSolution
		{D5AF7880-17BD-4246-9F2B-1045163A5FB8}.Debug|ARM.ActiveCfg = Debug|ARM
		{D5AF7880-17BD-4246-9F2B-1045163A5FB8}.Debug|ARM.Build.0 = Debug|ARM
		{D5AF7880-17BD-4246-9F2B-1045163A5FB8}.Debug|ARM.Deploy.0 = Debug|ARM
		{D5AF7880-17BD-4246-9F2B-1045163A5FB8}.Debug|x64.ActiveCfg = Debug|x64
		{D5AF7880-17BD-4246-9F2B-1045163A5FB8}.Debug|x64.Build.0 = Debug|x64
		{D5AF7880-17BD-4246-9F2B-1045163A5FB8}.Debug|x64.Deploy.0 = Debug|x64
		{D5AF7880-17BD-4246-9F2B-1045163A5FB8}.Debug|x86.ActiveCfg = Debug|x86
		{D5AF7880-17BD-4246-9F2B-1045163A5FB8}.Debug|x86.Build.0 = Debug|x86
		{D5AF7880-17BD-4246-9F2B-1045163A5FB8}.Debug|x86.Deploy.0 = Debug|x86
		{D5AF7880-17BD-4246-9F2B-1045163A5FB8}.Release|ARM.ActiveCfg = Release|ARM
		{D5AF7880-17BD-4246-9F2B-1045163A5FB8}.Release|ARM.Build.0 = Release|ARM
		{D5AF7880-17BD-4246-9F2B-1045163A5FB8}.Release|ARM.Deploy.0 = Release|ARM
		{D5AF7880-17BD-4246-9F2B-1045163A5FB8}.Release|x64.ActiveCfg = Release|x64
		{D5AF7880-17BD-4246-9F2B-1045163A5FB8}.Release|x64.Build.0 = Release|x64
		{D5AF7880-17BD-4246-9F2B-1045163A5FB8}.Release|x64.Deploy.0 = Release|x64
		{D5AF7880-17BD-4246-9F2B-1045163A5FB8}.Release|x86.ActiveCfg = Release|x86
		{D5AF7880-17BD-4246-9F2B-1045163A5FB8}.Release|x86.Build.0 = Release|x86
		{D5AF7880-17BD-4246-9F2B-1045163A5FB8}.Release|x86.Deploy.0 = Release|x86
		{BDF803CB-5314-4C94-B355-35879FE09EAD}.Debug|ARM.ActiveCfg = Debug|ARM
		{BDF803CB-5314-4C94-B355-35879FE09EAD}.Debug|ARM.Build.0 = Debug|ARM
		{BDF803CB-5314-4C94-B355-35879FE09EAD}.Debug|ARM.Deploy.0 = Debug|ARM
		{BDF803CB-5314-4C94-B355-35879FE09EAD}.Debug|x64.ActiveCfg = Debug|x64
		{BDF803CB-5314-4C94-B355-35879FE09EAD}.Debug|x64.Build.0 = Debug|x64
		{BDF803CB-5314-4C94-B355-35879FE09EAD}.Debug|x64.Deploy.0 = Debug|x64
		{BDF803CB-5314-4C94-B355-35879FE09EAD}.Debug|x86.ActiveCfg = Debug|x86
		{BDF803CB-5314-4C94-B355-35879FE09EAD}.Debug|x86.Build.0 = Debug|x86
		{BDF803CB-5314-4C94-B355-35879FE09EAD}.Debug|x86.Deploy.0 = Debug|x86
		{BDF803CB-5314-4C94-B355-35879FE09EAD}.Release|ARM.ActiveCfg = Release|ARM
		{BDF803CB-5314-4C94-B355-35879FE09EAD}.Release|ARM.Build.0 = Release|ARM
		{BDF803CB-5314-4C94-B355-35879FE09EAD}.Release|ARM.Deploy.0 = Release|ARM
		{BDF803CB-5314-4C94-B355-35879FE09EAD}.Release|x64.ActiveCfg = Release|x64
		{BDF803CB-5314-4C94-B355-35879FE09EAD}.Release|x64.Build.0 = Release|x64
		{BDF803CB-5314-4C94-B355-35879FE09EAD}.Release|x64.Deploy.0 = Release|x64
		{BDF803CB-5314-4C94-B355-35879FE09EAD}.Release|x86.ActiveCfg = Release|x86
		{BDF803CB-5314-4C94-B355-35879FE09EAD}.Release|x86.Build.0 = Release|x86
		{BDF803CB-5314-4C94-B355-35879FE09EAD}.Release|x86.Deploy.0 = Release|x86
		{DA2AD079-FE21-4822-9D6D-1B0BFCD5AF36}.Debug|ARM.ActiveCfg = Debug|ARM
		{DA2AD079-FE21-4822-9D6D-1B0BFCD5AF36}.Debug|ARM.Build.0 = Debug|ARM
		{DA2AD079-FE21-4822-9D6D-1B0BFCD5AF36}.Debug|ARM.Deploy.0 = Debug|ARM
		{DA2AD079-FE21-4822-9D6D-1B0BFCD5AF36}.Debug|x64.ActiveCfg = Debug|x64
		{DA2AD079-FE21-4822-9D6D-1B0BFCD5AF36}.Debug|x64.Build.0 = Debug|x64
		{DA2AD079-FE21-4822-9D6D-1B0BFCD5AF36}.Debug|x64.Deploy.0 = Debug|x64
		{DA2AD079-FE21-4822-9D6D-1B0BFCD5AF36}.Debug|x86.ActiveCfg = Debug|x86
		{DA2AD079-FE21-4822-9D6D-1B0BFCD5AF36}.Debug|x86.Build.0 = Debug|x86
		{DA2AD079-FE21-4822-9D6D-1B0BFCD5AF36}.Debug|x86.Deploy.0 = Debug|x86
		{DA2AD079-FE21-4822-9D6D-1B0BFCD5AF36}.Release|ARM.ActiveCfg = Release|ARM
		{DA2AD079-FE21-4822-9D6D-1B0BFCD5AF36}.Release|ARM.Build.0 = Release|ARM
		{DA2AD079-FE21-4822-9D6D-1B0BFCD5AF36}.Release|ARM.Deploy.0 = Release|ARM
		{DA2AD079-FE21-4822-9D6D-1B0BFCD5AF36}.Release|x64.ActiveCfg = Release|x64
		{DA2AD079-FE21-4822-9D6D-1B0BFCD5AF36}.Release|x64.Build.0 = Release|x64
		{DA2AD079-FE21-4822-9D6D-1B0BFCD5AF36}.Release|x64.Deploy.0 = Release|x64
		{DA2AD079-FE21-4822-9D6D-1B0BFCD5AF36}.Release|x86.ActiveCfg = Release|x86
		{DA2AD079-FE21-4822-9D6D-1B0BFCD5AF36}.Release|x86.Build.0 = Release|x86
		{DA2AD079-FE21-4822-9D6D-1B0BFCD5AF36}.Release|x86.Deploy.0 = Release|x86
	EndGlobalSection
	GlobalSection(SolutionProperties) = preSolution
		HideSolutionNode = FALSE
	EndGlobalSection
EndGlobal
